
Microsoft Visual Studio Solution File, Format Version 12.00
# Visual Studio Version 17
VisualStudioVersion = 17.0.31903.59
MinimumVisualStudioVersion = 10.0.40219.1
Project("{2150E333-8FDC-42A3-9474-1A3956D46DE8}") = "src", "src", "{E9AF48F1-FD7C-4BD6-B0C5-D070B00717F1}"
EndProject
Project("{FAE04EC0-301F-11D3-BF4B-00C04F79EFBC}") = "SysmonConfigPusher.Service", "src\SysmonConfigPusher.Service\SysmonConfigPusher.Service.csproj", "{6E1E60BA-316B-401F-8C46-E63DED063714}"
EndProject
Project("{FAE04EC0-301F-11D3-BF4B-00C04F79EFBC}") = "SysmonConfigPusher.Core", "src\SysmonConfigPusher.Core\SysmonConfigPusher.Core.csproj", "{A3FC6E7F-2DE5-484F-8F6C-6F6660C70078}"
EndProject
Project("{FAE04EC0-301F-11D3-BF4B-00C04F79EFBC}") = "SysmonConfigPusher.Infrastructure", "src\SysmonConfigPusher.Infrastructure\SysmonConfigPusher.Infrastructure.csproj", "{3787F561-A71C-403C-862F-2BC5F2175108}"
EndProject
Project("{FAE04EC0-301F-11D3-BF4B-00C04F79EFBC}") = "SysmonConfigPusher.Data", "src\SysmonConfigPusher.Data\SysmonConfigPusher.Data.csproj", "{692A51B0-A8D8-48AC-A07B-82823C039245}"
EndProject
Project("{2150E333-8FDC-42A3-9474-1A3956D46DE8}") = "tests", "tests", "{20729920-D4D0-4C99-9D5F-9C868764F33A}"
EndProject
Project("{FAE04EC0-301F-11D3-BF4B-00C04F79EFBC}") = "SysmonConfigPusher.Service.Tests", "tests\SysmonConfigPusher.Service.Tests\SysmonConfigPusher.Service.Tests.csproj", "{348ECB66-E634-45A3-BE67-C5E17B1D28E3}"
EndProject
Project("{FAE04EC0-301F-11D3-BF4B-00C04F79EFBC}") = "SysmonConfigPusher.Shared", "src\SysmonConfigPusher.Shared\SysmonConfigPusher.Shared.csproj", "{30F45D84-A5B7-42A2-A13E-4A11D07C321B}"
EndProject
Project("{FAE04EC0-301F-11D3-BF4B-00C04F79EFBC}") = "SysmonConfigPusher.Agent", "src\SysmonConfigPusher.Agent\SysmonConfigPusher.Agent.csproj", "{B8E5F9A1-2C3D-4E5F-6A7B-8C9D0E1F2A3B}"
EndProject
Global
	GlobalSection(SolutionConfigurationPlatforms) = preSolution
		Debug|Any CPU = Debug|Any CPU
		Release|Any CPU = Release|Any CPU
	EndGlobalSection
	GlobalSection(SolutionProperties) = preSolution
		HideSolutionNode = FALSE
	EndGlobalSection
	GlobalSection(ProjectConfigurationPlatforms) = postSolution
		{6E1E60BA-316B-401F-8C46-E63DED063714}.Debug|Any CPU.ActiveCfg = Debug|Any CPU
		{6E1E60BA-316B-401F-8C46-E63DED063714}.Debug|Any CPU.Build.0 = Debug|Any CPU
		{6E1E60BA-316B-401F-8C46-E63DED063714}.Release|Any CPU.ActiveCfg = Release|Any CPU
		{6E1E60BA-316B-401F-8C46-E63DED063714}.Release|Any CPU.Build.0 = Release|Any CPU
		{A3FC6E7F-2DE5-484F-8F6C-6F6660C70078}.Debug|Any CPU.ActiveCfg = Debug|Any CPU
		{A3FC6E7F-2DE5-484F-8F6C-6F6660C70078}.Debug|Any CPU.Build.0 = Debug|Any CPU
		{A3FC6E7F-2DE5-484F-8F6C-6F6660C70078}.Release|Any CPU.ActiveCfg = Release|Any CPU
		{A3FC6E7F-2DE5-484F-8F6C-6F6660C70078}.Release|Any CPU.Build.0 = Release|Any CPU
		{3787F561-A71C-403C-862F-2BC5F2175108}.Debug|Any CPU.ActiveCfg = Debug|Any CPU
		{3787F561-A71C-403C-862F-2BC5F2175108}.Debug|Any CPU.Build.0 = Debug|Any CPU
		{3787F561-A71C-403C-862F-2BC5F2175108}.Release|Any CPU.ActiveCfg = Release|Any CPU
		{3787F561-A71C-403C-862F-2BC5F2175108}.Release|Any CPU.Build.0 = Release|Any CPU
		{692A51B0-A8D8-48AC-A07B-82823C039245}.Debug|Any CPU.ActiveCfg = Debug|Any CPU
		{692A51B0-A8D8-48AC-A07B-82823C039245}.Debug|Any CPU.Build.0 = Debug|Any CPU
		{692A51B0-A8D8-48AC-A07B-82823C039245}.Release|Any CPU.ActiveCfg = Release|Any CPU
		{692A51B0-A8D8-48AC-A07B-82823C039245}.Release|Any CPU.Build.0 = Release|Any CPU
		{348ECB66-E634-45A3-BE67-C5E17B1D28E3}.Debug|Any CPU.ActiveCfg = Debug|Any CPU
		{348ECB66-E634-45A3-BE67-C5E17B1D28E3}.Debug|Any CPU.Build.0 = Debug|Any CPU
		{348ECB66-E634-45A3-BE67-C5E17B1D28E3}.Release|Any CPU.ActiveCfg = Release|Any CPU
		{348ECB66-E634-45A3-BE67-C5E17B1D28E3}.Release|Any CPU.Build.0 = Release|Any CPU
		{30F45D84-A5B7-42A2-A13E-4A11D07C321B}.Debug|Any CPU.ActiveCfg = Debug|Any CPU
		{30F45D84-A5B7-42A2-A13E-4A11D07C321B}.Debug|Any CPU.Build.0 = Debug|Any CPU
		{30F45D84-A5B7-42A2-A13E-4A11D07C321B}.Release|Any CPU.ActiveCfg = Release|Any CPU
		{30F45D84-A5B7-42A2-A13E-4A11D07C321B}.Release|Any CPU.Build.0 = Release|Any CPU
		{B8E5F9A1-2C3D-4E5F-6A7B-8C9D0E1F2A3B}.Debug|Any CPU.ActiveCfg = Debug|Any CPU
		{B8E5F9A1-2C3D-4E5F-6A7B-8C9D0E1F2A3B}.Debug|Any CPU.Build.0 = Debug|Any CPU
		{B8E5F9A1-2C3D-4E5F-6A7B-8C9D0E1F2A3B}.Release|Any CPU.ActiveCfg = Release|Any CPU
		{B8E5F9A1-2C3D-4E5F-6A7B-8C9D0E1F2A3B}.Release|Any CPU.Build.0 = Release|Any CPU
	EndGlobalSection
	GlobalSection(NestedProjects) = preSolution
		{6E1E60BA-316B-401F-8C46-E63DED063714} = {E9AF48F1-FD7C-4BD6-B0C5-D070B00717F1}
		{A3FC6E7F-2DE5-484F-8F6C-6F6660C70078} = {E9AF48F1-FD7C-4BD6-B0C5-D070B00717F1}
		{3787F561-A71C-403C-862F-2BC5F2175108} = {E9AF48F1-FD7C-4BD6-B0C5-D070B00717F1}
		{692A51B0-A8D8-48AC-A07B-82823C039245} = {E9AF48F1-FD7C-4BD6-B0C5-D070B00717F1}
		{348ECB66-E634-45A3-BE67-C5E17B1D28E3} = {20729920-D4D0-4C99-9D5F-9C868764F33A}
		{30F45D84-A5B7-42A2-A13E-4A11D07C321B} = {E9AF48F1-FD7C-4BD6-B0C5-D070B00717F1}
		{B8E5F9A1-2C3D-4E5F-6A7B-8C9D0E1F2A3B} = {E9AF48F1-FD7C-4BD6-B0C5-D070B00717F1}
	EndGlobalSection
EndGlobal
